// !$*UTF8*$!
{
	archiveVersion = 1;
	classes = {
	};
	objectVersion = 56;
	objects = {

/* Begin PBXBuildFile section */
		01FC47212F00EE2C003FED5F /* HaishinKit in Frameworks */ = {isa = PBXBuildFile; productRef = 01FC47202F00EE2C003FED5F /* HaishinKit */; };
		01FC47232F00EE2C003FED5F /* RTMPHaishinKit in Frameworks */ = {isa = PBXBuildFile; productRef = 01FC47222F00EE2C003FED5F /* RTMPHaishinKit */; };
		01FC47272F00F855003FED5F /* sample1.jpg in Resources */ = {isa = PBXBuildFile; fileRef = 01FC47262F00F855003FED5F /* sample1.jpg */; };
		01FC47292F00F855003FED5F /* sample2.jpg in Resources */ = {isa = PBXBuildFile; fileRef = 01FC47282F00F855003FED5F /* sample2.jpg */; };
		01FC472B2F00F855003FED5F /* sample3.jpg in Resources */ = {isa = PBXBuildFile; fileRef = 01FC472A2F00F855003FED5F /* sample3.jpg */; };
		01FC472D2F00F855003FED5F /* sample.wav in Resources */ = {isa = PBXBuildFile; fileRef = 01FC472C2F00F855003FED5F /* sample.wav */; };
		01FC47CD2F03BBAF003FED5F /* AudioEngineCapture.swift in Sources */ = {isa = PBXBuildFile; fileRef = 01FC47CC2F03BBAF003FED5F /* AudioEngineCapture.swift */; };
		01FC47CF2F03BBBA003FED5F /* AudioSourceService.swift in Sources */ = {isa = PBXBuildFile; fileRef = 01FC47CE2F03BBBA003FED5F /* AudioSourceService.swift */; };
		A1 /* AppDelegate.swift in Sources */ = {isa = PBXBuildFile; fileRef = A2 /* AppDelegate.swift */; };
		A3 /* ViewController.swift in Sources */ = {isa = PBXBuildFile; fileRef = A4 /* ViewController.swift */; };
		A5 /* Main.storyboard in Resources */ = {isa = PBXBuildFile; fileRef = A6 /* Main.storyboard */; };
		A7 /* Assets.xcassets in Resources */ = {isa = PBXBuildFile; fileRef = A8 /* Assets.xcassets */; };
		A9 /* LaunchScreen.storyboard in Resources */ = {isa = PBXBuildFile; fileRef = A10 /* LaunchScreen.storyboard */; };
/* End PBXBuildFile section */

/* Begin PBXFileReference section */
		01FC47262F00F855003FED5F /* sample1.jpg */ = {isa = PBXFileReference; lastKnownFileType = image.jpeg; path = sample1.jpg; sourceTree = "<group>"; };
		01FC47282F00F855003FED5F /* sample2.jpg */ = {isa = PBXFileReference; lastKnownFileType = image.jpeg; path = sample2.jpg; sourceTree = "<group>"; };
		01FC472A2F00F855003FED5F /* sample3.jpg */ = {isa = PBXFileReference; lastKnownFileType = image.jpeg; path = sample3.jpg; sourceTree = "<group>"; };
		01FC472C2F00F855003FED5F /* sample.wav */ = {isa = PBXFileReference; lastKnownFileType = audio.wav; path = sample.wav; sourceTree = "<group>"; };
		01FC47CC2F03BBAF003FED5F /* AudioEngineCapture.swift */ = {isa = PBXFileReference; lastKnownFileType = sourcecode.swift; path = AudioEngineCapture.swift; sourceTree = "<group>"; };
		01FC47CE2F03BBBA003FED5F /* AudioSourceService.swift */ = {isa = PBXFileReference; lastKnownFileType = sourcecode.swift; path = AudioSourceService.swift; sourceTree = "<group>"; };
		A10 /* LaunchScreen.storyboard */ = {isa = PBXFileReference; lastKnownFileType = file.storyboard; path = LaunchScreen.storyboard; sourceTree = "<group>"; };
		A11 /* HaishinKitTwitch.app */ = {isa = PBXFileReference; explicitFileType = wrapper.application; includeInIndex = 0; path = HaishinKitTwitch.app; sourceTree = BUILT_PRODUCTS_DIR; };
		A12 /* Info.plist */ = {isa = PBXFileReference; lastKnownFileType = text.plist.xml; path = Info.plist; sourceTree = "<group>"; };
		A2 /* AppDelegate.swift */ = {isa = PBXFileReference; lastKnownFileType = sourcecode.swift; path = AppDelegate.swift; sourceTree = "<group>"; };
		A4 /* ViewController.swift */ = {isa = PBXFileReference; lastKnownFileType = sourcecode.swift; path = ViewController.swift; sourceTree = "<group>"; };
		A6 /* Main.storyboard */ = {isa = PBXFileReference; lastKnownFileType = file.storyboard; path = Main.storyboard; sourceTree = "<group>"; };
		A8 /* Assets.xcassets */ = {isa = PBXFileReference; lastKnownFileType = folder.assetcatalog; path = Assets.xcassets; sourceTree = "<group>"; };
/* End PBXFileReference section */

/* Begin PBXFrameworksBuildPhase section */
		A13 /* Frameworks */ = {
			isa = PBXFrameworksBuildPhase;
			buildActionMask = 2147483647;
			files = (
				01FC47212F00EE2C003FED5F /* HaishinKit in Frameworks */,
				01FC47232F00EE2C003FED5F /* RTMPHaishinKit in Frameworks */,
			);
			runOnlyForDeploymentPostprocessing = 0;
		};
/* End PBXFrameworksBuildPhase section */

/* Begin PBXGroup section */
		A14 = {
			isa = PBXGroup;
			children = (
				A15 /* HaishinKitTwitch */,
				A16 /* Products */,
			);
			sourceTree = "<group>";
		};
		A15 /* HaishinKitTwitch */ = {
			isa = PBXGroup;
			children = (
				01FC47CE2F03BBBA003FED5F /* AudioSourceService.swift */,
				01FC47CC2F03BBAF003FED5F /* AudioEngineCapture.swift */,
				01FC47262F00F855003FED5F /* sample1.jpg */,
				01FC47282F00F855003FED5F /* sample2.jpg */,
				01FC472A2F00F855003FED5F /* sample3.jpg */,
				01FC472C2F00F855003FED5F /* sample.wav */,
				A2 /* AppDelegate.swift */,
				A4 /* ViewController.swift */,
				A6 /* Main.storyboard */,
				A8 /* Assets.xcassets */,
				A10 /* LaunchScreen.storyboard */,
				A12 /* Info.plist */,
			);
			path = HaishinKitTwitch;
			sourceTree = "<group>";
		};
		A16 /* Products */ = {
			isa = PBXGroup;
			children = (
				A11 /* HaishinKitTwitch.app */,
			);
			name = Products;
			sourceTree = "<group>";
		};
/* End PBXGroup section */

/* Begin PBXNativeTarget section */
		A17 /* HaishinKitTwitch */ = {
			isa = PBXNativeTarget;
			buildConfigurationList = A18 /* Build configuration list for PBXNativeTarget "HaishinKitTwitch" */;
			buildPhases = (
				A19 /* Sources */,
				A13 /* Frameworks */,
				A20 /* Resources */,
			);
			buildRules = (
			);
			dependencies = (
			);
			name = HaishinKitTwitch;
			packageProductDependencies = (
				01FC47202F00EE2C003FED5F /* HaishinKit */,
				01FC47222F00EE2C003FED5F /* RTMPHaishinKit */,
			);
			productName = HaishinKitTwitch;
			productReference = A11 /* HaishinKitTwitch.app */;
			productType = "com.apple.product-type.application";
		};
/* End PBXNativeTarget section */

/* Begin PBXProject section */
		A21 /* Project object */ = {
			isa = PBXProject;
			attributes = {
				BuildIndependentTargetsInParallel = 1;
				LastSwiftUpdateCheck = 1500;
				LastUpgradeCheck = 1500;
				TargetAttributes = {
					A17 = {
						CreatedOnToolsVersion = 15.0;
					};
				};
			};
			buildConfigurationList = A22 /* Build configuration list for PBXProject "HaishinKitTwitch" */;
			compatibilityVersion = "Xcode 14.0";
			developmentRegion = en;
			hasScannedForEncodings = 0;
			knownRegions = (
				en,
				Base,
			);
			mainGroup = A14;
			packageReferences = (
				01FC471F2F00EE2C003FED5F /* XCRemoteSwiftPackageReference "HaishinKit" */,
			);
			productRefGroup = A16 /* Products */;
			projectDirPath = "";
			projectRoot = "";
			targets = (
				A17 /* HaishinKitTwitch */,
			);
		};
/* End PBXProject section */

/* Begin PBXResourcesBuildPhase section */
		A20 /* Resources */ = {
			isa = PBXResourcesBuildPhase;
			buildActionMask = 2147483647;
			files = (
				A9 /* LaunchScreen.storyboard in Resources */,
				01FC47272F00F855003FED5F /* sample1.jpg in Resources */,
				01FC47292F00F855003FED5F /* sample2.jpg in Resources */,
				01FC472B2F00F855003FED5F /* sample3.jpg in Resources */,
				01FC472D2F00F855003FED5F /* sample.wav in Resources */,
				A7 /* Assets.xcassets in Resources */,
				A5 /* Main.storyboard in Resources */,
			);
			runOnlyForDeploymentPostprocessing = 0;
		};
/* End PBXResourcesBuildPhase section */

/* Begin PBXSourcesBuildPhase section */
		A19 /* Sources */ = {
			isa = PBXSourcesBuildPhase;
			buildActionMask = 2147483647;
			files = (
				01FC47CF2F03BBBA003FED5F /* AudioSourceService.swift in Sources */,
				A3 /* ViewController.swift in Sources */,
				A1 /* AppDelegate.swift in Sources */,
				01FC47CD2F03BBAF003FED5F /* AudioEngineCapture.swift in Sources */,
			);
			runOnlyForDeploymentPostprocessing = 0;
		};
/* End PBXSourcesBuildPhase section */

/* Begin XCBuildConfiguration section */
		A23 /* Debug */ = {
			isa = XCBuildConfiguration;
			buildSettings = {
				ALWAYS_SEARCH_USER_PATHS = NO;
				ASSETCATALOG_COMPILER_GENERATE_SWIFT_ASSET_SYMBOL_EXTENSIONS = YES;
				CLANG_ANALYZER_NONNULL = YES;
				CLANG_ANALYZER_NUMBER_OBJECT_CONVERSION = YES_AGGRESSIVE;
				CLANG_CXX_LANGUAGE_STANDARD = "gnu++20";
				CLANG_ENABLE_MODULES = YES;
				CLANG_ENABLE_OBJC_ARC = YES;
				CLANG_ENABLE_OBJC_WEAK = YES;
				CLANG_WARN_BLOCK_CAPTURE_AUTORELEASING = YES;
				CLANG_WARN_BOOL_CONVERSION = YES;
				CLANG_WARN_COMMA = YES;
				CLANG_WARN_CONSTANT_CONVERSION = YES;
				CLANG_WARN_DEPRECATED_OBJC_IMPLEMENTATIONS = YES;
				CLANG_WARN_DIRECT_OBJC_ISA_USAGE = YES_ERROR;
				CLANG_WARN_DOCUMENTATION_COMMENTS = YES;
				CLANG_WARN_EMPTY_BODY = YES;
				CLANG_WARN_ENUM_CONVERSION = YES;
				CLANG_WARN_INFINITE_RECURSION = YES;
				CLANG_WARN_INT_CONVERSION = YES;
				CLANG_WARN_NON_LITERAL_NULL_CONVERSION = YES;
				CLANG_WARN_OBJC_IMPLICIT_RETAIN_SELF = YES;
				CLANG_WARN_OBJC_LITERAL_CONVERSION = YES;
				CLANG_WARN_OBJC_ROOT_CLASS = YES_ERROR;
				CLANG_WARN_QUOTED_INCLUDE_IN_FRAMEWORK_HEADER = YES;
				CLANG_WARN_RANGE_LOOP_ANALYSIS = YES;
				CLANG_WARN_STRICT_PROTOTYPES = YES;
				CLANG_WARN_SUSPICIOUS_MOVE = YES;
				CLANG_WARN_UNGUARDED_AVAILABILITY = YES_AGGRESSIVE;
				CLANG_WARN_UNREACHABLE_CODE = YES;
				CLANG_WARN__DUPLICATE_METHOD_MATCH = YES;
				COPY_PHASE_STRIP = NO;
				DEBUG_INFORMATION_FORMAT = dwarf;
				ENABLE_STRICT_OBJC_MSGSEND = YES;
				ENABLE_TESTABILITY = YES;
				ENABLE_USER_SCRIPT_SANDBOXING = YES;
				GCC_C_LANGUAGE_STANDARD = gnu17;
				GCC_DYNAMIC_NO_PIC = NO;
				GCC_NO_COMMON_BLOCKS = YES;
				GCC_OPTIMIZATION_LEVEL = 0;
				GCC_PREPROCESSOR_DEFINITIONS = (
					"DEBUG=1",
					"$(inherited)",
				);
				GCC_WARN_64_TO_32_BIT_CONVERSION = YES;
				GCC_WARN_ABOUT_RETURN_TYPE = YES_ERROR;
				GCC_WARN_UNDECLARED_SELECTOR = YES;
				GCC_WARN_UNINITIALIZED_AUTOS = YES_AGGRESSIVE;
				GCC_WARN_UNUSED_FUNCTION = YES;
				GCC_WARN_UNUSED_VARIABLE = YES;
				IPHONEOS_DEPLOYMENT_TARGET = 18.0;
				LOCALIZATION_PREFERS_STRING_CATALOGS = YES;
				MTL_ENABLE_DEBUG_INFO = INCLUDE_SOURCE;
				MTL_FAST_MATH = YES;
				ONLY_ACTIVE_ARCH = YES;
				SDKROOT = iphoneos;
				SWIFT_ACTIVE_COMPILATION_CONDITIONS = "DEBUG $(inherited)";
				SWIFT_OPTIMIZATION_LEVEL = "-Onone";
			};
			name = Debug;
		};
		A24 /* Release */ = {
			isa = XCBuildConfiguration;
			buildSettings = {
				ALWAYS_SEARCH_USER_PATHS = NO;
				ASSETCATALOG_COMPILER_GENERATE_SWIFT_ASSET_SYMBOL_EXTENSIONS = YES;
				CLANG_ANALYZER_NONNULL = YES;
				CLANG_ANALYZER_NUMBER_OBJECT_CONVERSION = YES_AGGRESSIVE;
				CLANG_CXX_LANGUAGE_STANDARD = "gnu++20";
				CLANG_ENABLE_MODULES = YES;
				CLANG_ENABLE_OBJC_ARC = YES;
				CLANG_ENABLE_OBJC_WEAK = YES;
				CLANG_WARN_BLOCK_CAPTURE_AUTORELEASING = YES;
				CLANG_WARN_BOOL_CONVERSION = YES;
				CLANG_WARN_COMMA = YES;
				CLANG_WARN_CONSTANT_CONVERSION = YES;
				CLANG_WARN_DEPRECATED_OBJC_IMPLEMENTATIONS = YES;
				CLANG_WARN_DIRECT_OBJC_ISA_USAGE = YES_ERROR;
				CLANG_WARN_DOCUMENTATION_COMMENTS = YES;
				CLANG_WARN_EMPTY_BODY = YES;
				CLANG_WARN_ENUM_CONVERSION = YES;
				CLANG_WARN_INFINITE_RECURSION = YES;
				CLANG_WARN_INT_CONVERSION = YES;
				CLANG_WARN_NON_LITERAL_NULL_CONVERSION = YES;
				CLANG_WARN_OBJC_IMPLICIT_RETAIN_SELF = YES;
				CLANG_WARN_OBJC_LITERAL_CONVERSION = YES;
				CLANG_WARN_OBJC_ROOT_CLASS = YES_ERROR;
				CLANG_WARN_QUOTED_INCLUDE_IN_FRAMEWORK_HEADER = YES;
				CLANG_WARN_RANGE_LOOP_ANALYSIS = YES;
				CLANG_WARN_STRICT_PROTOTYPES = YES;
				CLANG_WARN_SUSPICIOUS_MOVE = YES;
				CLANG_WARN_UNGUARDED_AVAILABILITY = YES_AGGRESSIVE;
				CLANG_WARN_UNREACHABLE_CODE = YES;
				CLANG_WARN__DUPLICATE_METHOD_MATCH = YES;
				COPY_PHASE_STRIP = NO;
				DEBUG_INFORMATION_FORMAT = "dwarf-with-dsym";
				ENABLE_NS_ASSERTIONS = NO;
				ENABLE_STRICT_OBJC_MSGSEND = YES;
				ENABLE_USER_SCRIPT_SANDBOXING = YES;
				GCC_C_LANGUAGE_STANDARD = gnu17;
				GCC_NO_COMMON_BLOCKS = YES;
				GCC_WARN_64_TO_32_BIT_CONVERSION = YES;
				GCC_WARN_ABOUT_RETURN_TYPE = YES_ERROR;
				GCC_WARN_UNDECLARED_SELECTOR = YES;
				GCC_WARN_UNINITIALIZED_AUTOS = YES_AGGRESSIVE;
				GCC_WARN_UNUSED_FUNCTION = YES;
				GCC_WARN_UNUSED_VARIABLE = YES;
				IPHONEOS_DEPLOYMENT_TARGET = 18.0;
				LOCALIZATION_PREFERS_STRING_CATALOGS = YES;
				MTL_ENABLE_DEBUG_INFO = NO;
				MTL_FAST_MATH = YES;
				SDKROOT = iphoneos;
				SWIFT_COMPILATION_MODE = wholemodule;
				VALIDATE_PRODUCT = YES;
			};
			name = Release;
		};
		A25 /* Debug */ = {
			isa = XCBuildConfiguration;
			buildSettings = {
				ASSETCATALOG_COMPILER_APPICON_NAME = AppIcon;
				ASSETCATALOG_COMPILER_GLOBAL_ACCENT_COLOR_NAME = AccentColor;
				CODE_SIGN_STYLE = Automatic;
				CURRENT_PROJECT_VERSION = 1;
				DEVELOPMENT_TEAM = MNB3QEEZB2;
				GENERATE_INFOPLIST_FILE = YES;
				INFOPLIST_FILE = HaishinKitTwitch/Info.plist;
				INFOPLIST_KEY_UIApplicationSupportsIndirectInputEvents = YES;
				INFOPLIST_KEY_UILaunchStoryboardName = LaunchScreen;
				INFOPLIST_KEY_UIMainStoryboardFile = Main;
				INFOPLIST_KEY_UISupportedInterfaceOrientations_iPad = "UIInterfaceOrientationPortrait UIInterfaceOrientationPortraitUpsideDown UIInterfaceOrientationLandscapeLeft UIInterfaceOrientationLandscapeRight";
				INFOPLIST_KEY_UISupportedInterfaceOrientations_iPhone = "UIInterfaceOrientationPortrait UIInterfaceOrientationLandscapeLeft UIInterfaceOrientationLandscapeRight";
				IPHONEOS_DEPLOYMENT_TARGET = 18.0;
				LD_RUNPATH_SEARCH_PATHS = (
					"$(inherited)",
					"@executable_path/Frameworks",
				);
				MARKETING_VERSION = 1.0;
				PRODUCT_BUNDLE_IDENTIFIER = com.example.HaishinKitTwitch;
				PRODUCT_NAME = "$(TARGET_NAME)";
				SWIFT_EMIT_LOC_STRINGS = YES;
				SWIFT_VERSION = 5.0;
				TARGETED_DEVICE_FAMILY = "1,2";
			};
			name = Debug;
		};
		A26 /* Release */ = {
			isa = XCBuildConfiguration;
			buildSettings = {
				ASSETCATALOG_COMPILER_APPICON_NAME = AppIcon;
				ASSETCATALOG_COMPILER_GLOBAL_ACCENT_COLOR_NAME = AccentColor;
				CODE_SIGN_STYLE = Automatic;
				CURRENT_PROJECT_VERSION = 1;
				DEVELOPMENT_TEAM = MNB3QEEZB2;
				GENERATE_INFOPLIST_FILE = YES;
				INFOPLIST_FILE = HaishinKitTwitch/Info.plist;
				INFOPLIST_KEY_UIApplicationSupportsIndirectInputEvents = YES;
				INFOPLIST_KEY_UILaunchStoryboardName = LaunchScreen;
				INFOPLIST_KEY_UIMainStoryboardFile = Main;
				INFOPLIST_KEY_UISupportedInterfaceOrientations_iPad = "UIInterfaceOrientationPortrait UIInterfaceOrientationPortraitUpsideDown UIInterfaceOrientationLandscapeLeft UIInterfaceOrientationLandscapeRight";
				INFOPLIST_KEY_UISupportedInterfaceOrientations_iPhone = "UIInterfaceOrientationPortrait UIInterfaceOrientationLandscapeLeft UIInterfaceOrientationLandscapeRight";
				IPHONEOS_DEPLOYMENT_TARGET = 18.0;
				LD_RUNPATH_SEARCH_PATHS = (
					"$(inherited)",
					"@executable_path/Frameworks",
				);
				MARKETING_VERSION = 1.0;
				PRODUCT_BUNDLE_IDENTIFIER = com.example.HaishinKitTwitch;
				PRODUCT_NAME = "$(TARGET_NAME)";
				SWIFT_EMIT_LOC_STRINGS = YES;
				SWIFT_VERSION = 5.0;
				TARGETED_DEVICE_FAMILY = "1,2";
			};
			name = Release;
		};
/* End XCBuildConfiguration section */

/* Begin XCConfigurationList section */
		A18 /* Build configuration list for PBXNativeTarget "HaishinKitTwitch" */ = {
			isa = XCConfigurationList;
			buildConfigurations = (
				A25 /* Debug */,
				A26 /* Release */,
			);
			defaultConfigurationIsVisible = 0;
			defaultConfigurationName = Release;
		};
		A22 /* Build configuration list for PBXProject "HaishinKitTwitch" */ = {
			isa = XCConfigurationList;
			buildConfigurations = (
				A23 /* Debug */,
				A24 /* Release */,
			);
			defaultConfigurationIsVisible = 0;
			defaultConfigurationName = Release;
		};
/* End XCConfigurationList section */

/* Begin XCRemoteSwiftPackageReference section */
		01FC471F2F00EE2C003FED5F /* XCRemoteSwiftPackageReference "HaishinKit" */ = {
			isa = XCRemoteSwiftPackageReference;
			repositoryURL = "https://github.com/HaishinKit/HaishinKit.swift";
			requirement = {
				kind = exactVersion;
				version = 2.1.0;
			};
		};
/* End XCRemoteSwiftPackageReference section */

/* Begin XCSwiftPackageProductDependency section */
		01FC47202F00EE2C003FED5F /* HaishinKit */ = {
			isa = XCSwiftPackageProductDependency;
			package = 01FC471F2F00EE2C003FED5F /* XCRemoteSwiftPackageReference "HaishinKit" */;
			productName = HaishinKit;
		};
		01FC47222F00EE2C003FED5F /* RTMPHaishinKit */ = {
			isa = XCSwiftPackageProductDependency;
			package = 01FC471F2F00EE2C003FED5F /* XCRemoteSwiftPackageReference "HaishinKit" */;
			productName = RTMPHaishinKit;
		};
/* End XCSwiftPackageProductDependency section */
	};
	rootObject = A21 /* Project object */;
}
